// !$*UTF8*$!
{
	archiveVersion = 1;
	classes = {
	};
	objectVersion = 55;
	objects = {

/* Begin PBXBuildFile section */
		7B979B2228219D17004EDD18 /* Reminder.swift in Sources */ = {isa = PBXBuildFile; fileRef = 7B979B2128219D17004EDD18 /* Reminder.swift */; };
		7B979B242821DE51004EDD18 /* Date+Today.swift in Sources */ = {isa = PBXBuildFile; fileRef = 7B979B232821DE51004EDD18 /* Date+Today.swift */; };
		7B979B282821E299004EDD18 /* ReminderListViewController+DataSource.swift in Sources */ = {isa = PBXBuildFile; fileRef = 7B979B272821E299004EDD18 /* ReminderListViewController+DataSource.swift */; };
		7BEE51D928219A4F00BFBFFE /* AppDelegate.swift in Sources */ = {isa = PBXBuildFile; fileRef = 7BEE51D828219A4F00BFBFFE /* AppDelegate.swift */; };
		7BEE51DB28219A4F00BFBFFE /* SceneDelegate.swift in Sources */ = {isa = PBXBuildFile; fileRef = 7BEE51DA28219A4F00BFBFFE /* SceneDelegate.swift */; };
		7BEE51DD28219A4F00BFBFFE /* ReminderListViewController.swift in Sources */ = {isa = PBXBuildFile; fileRef = 7BEE51DC28219A4F00BFBFFE /* ReminderListViewController.swift */; };
		7BEE51E028219A4F00BFBFFE /* Main.storyboard in Resources */ = {isa = PBXBuildFile; fileRef = 7BEE51DE28219A4F00BFBFFE /* Main.storyboard */; };
		7BEE51E328219A4F00BFBFFE /* Today.xcdatamodeld in Sources */ = {isa = PBXBuildFile; fileRef = 7BEE51E128219A4F00BFBFFE /* Today.xcdatamodeld */; };
		7BEE51E528219A5100BFBFFE /* Assets.xcassets in Resources */ = {isa = PBXBuildFile; fileRef = 7BEE51E428219A5100BFBFFE /* Assets.xcassets */; };
		7BEE51E828219A5100BFBFFE /* LaunchScreen.storyboard in Resources */ = {isa = PBXBuildFile; fileRef = 7BEE51E628219A5100BFBFFE /* LaunchScreen.storyboard */; };
/* End PBXBuildFile section */

/* Begin PBXFileReference section */
		7B979B2128219D17004EDD18 /* Reminder.swift */ = {isa = PBXFileReference; lastKnownFileType = sourcecode.swift; name = Reminder.swift; path = ../../../today/Today/Models/Reminder.swift; sourceTree = "<group>"; };
		7B979B232821DE51004EDD18 /* Date+Today.swift */ = {isa = PBXFileReference; lastKnownFileType = sourcecode.swift; name = "Date+Today.swift"; path = "../../../today/Today/Models/Date+Today.swift"; sourceTree = "<group>"; };
		7B979B272821E299004EDD18 /* ReminderListViewController+DataSource.swift */ = {isa = PBXFileReference; lastKnownFileType = sourcecode.swift; name = "ReminderListViewController+DataSource.swift"; path = "../../../today/Today/ListViewController/ReminderListViewController+DataSource.swift"; sourceTree = "<group>"; };
		7BEE51D528219A4F00BFBFFE /* Today.app */ = {isa = PBXFileReference; explicitFileType = wrapper.application; includeInIndex = 0; path = Today.app; sourceTree = BUILT_PRODUCTS_DIR; };
		7BEE51D828219A4F00BFBFFE /* AppDelegate.swift */ = {isa = PBXFileReference; lastKnownFileType = sourcecode.swift; path = AppDelegate.swift; sourceTree = "<group>"; };
		7BEE51DA28219A4F00BFBFFE /* SceneDelegate.swift */ = {isa = PBXFileReference; lastKnownFileType = sourcecode.swift; path = SceneDelegate.swift; sourceTree = "<group>"; };
		7BEE51DC28219A4F00BFBFFE /* ReminderListViewController.swift */ = {isa = PBXFileReference; lastKnownFileType = sourcecode.swift; path = ReminderListViewController.swift; sourceTree = "<group>"; };
		7BEE51DF28219A4F00BFBFFE /* Base */ = {isa = PBXFileReference; lastKnownFileType = file.storyboard; name = Base; path = Base.lproj/Main.storyboard; sourceTree = "<group>"; };
		7BEE51E228219A4F00BFBFFE /* Today.xcdatamodel */ = {isa = PBXFileReference; lastKnownFileType = wrapper.xcdatamodel; path = Today.xcdatamodel; sourceTree = "<group>"; };
		7BEE51E428219A5100BFBFFE /* Assets.xcassets */ = {isa = PBXFileReference; lastKnownFileType = folder.assetcatalog; path = Assets.xcassets; sourceTree = "<group>"; };
		7BEE51E728219A5100BFBFFE /* Base */ = {isa = PBXFileReference; lastKnownFileType = file.storyboard; name = Base; path = Base.lproj/LaunchScreen.storyboard; sourceTree = "<group>"; };
		7BEE51E928219A5100BFBFFE /* Info.plist */ = {isa = PBXFileReference; lastKnownFileType = text.plist.xml; path = Info.plist; sourceTree = "<group>"; };
/* End PBXFileReference section */

/* Begin PBXFrameworksBuildPhase section */
		7BEE51D228219A4F00BFBFFE /* Frameworks */ = {
			isa = PBXFrameworksBuildPhase;
			buildActionMask = 2147483647;
			files = (
			);
			runOnlyForDeploymentPostprocessing = 0;
		};
/* End PBXFrameworksBuildPhase section */

/* Begin PBXGroup section */
		7B979B2028219D02004EDD18 /* Models */ = {
			isa = PBXGroup;
			children = (
				7B979B2128219D17004EDD18 /* Reminder.swift */,
				7B979B232821DE51004EDD18 /* Date+Today.swift */,
			);
			path = Models;
			sourceTree = "<group>";
		};
		7B979B262821E24A004EDD18 /* ListViewController */ = {
			isa = PBXGroup;
			children = (
				7BEE51DC28219A4F00BFBFFE /* ReminderListViewController.swift */,
				7B979B272821E299004EDD18 /* ReminderListViewController+DataSource.swift */,
			);
			path = ListViewController;
			sourceTree = "<group>";
		};
		7BEE51CC28219A4F00BFBFFE = {
			isa = PBXGroup;
			children = (
				7BEE51D728219A4F00BFBFFE /* Today */,
				7BEE51D628219A4F00BFBFFE /* Products */,
			);
			sourceTree = "<group>";
		};
		7BEE51D628219A4F00BFBFFE /* Products */ = {
			isa = PBXGroup;
			children = (
				7BEE51D528219A4F00BFBFFE /* Today.app */,
			);
			name = Products;
			sourceTree = "<group>";
		};
		7BEE51D728219A4F00BFBFFE /* Today */ = {
			isa = PBXGroup;
			children = (
				7B979B2028219D02004EDD18 /* Models */,
				7B979B262821E24A004EDD18 /* ListViewController */,
				7BEE51D828219A4F00BFBFFE /* AppDelegate.swift */,
				7BEE51DA28219A4F00BFBFFE /* SceneDelegate.swift */,
				7BEE51DE28219A4F00BFBFFE /* Main.storyboard */,
				7BEE51E428219A5100BFBFFE /* Assets.xcassets */,
				7BEE51E628219A5100BFBFFE /* LaunchScreen.storyboard */,
				7BEE51E928219A5100BFBFFE /* Info.plist */,
				7BEE51E128219A4F00BFBFFE /* Today.xcdatamodeld */,
			);
			path = Today;
			sourceTree = "<group>";
		};
/* End PBXGroup section */

/* Begin PBXNativeTarget section */
		7BEE51D428219A4F00BFBFFE /* Today */ = {
			isa = PBXNativeTarget;
			buildConfigurationList = 7BEE51EC28219A5100BFBFFE /* Build configuration list for PBXNativeTarget "Today" */;
			buildPhases = (
				7BEE51D128219A4F00BFBFFE /* Sources */,
				7BEE51D228219A4F00BFBFFE /* Frameworks */,
				7BEE51D328219A4F00BFBFFE /* Resources */,
			);
			buildRules = (
			);
			dependencies = (
			);
			name = Today;
			productName = Today;
			productReference = 7BEE51D528219A4F00BFBFFE /* Today.app */;
			productType = "com.apple.product-type.application";
		};
/* End PBXNativeTarget section */

/* Begin PBXProject section */
		7BEE51CD28219A4F00BFBFFE /* Project object */ = {
			isa = PBXProject;
			attributes = {
				BuildIndependentTargetsInParallel = 1;
				LastSwiftUpdateCheck = 1330;
				LastUpgradeCheck = 1330;
				TargetAttributes = {
					7BEE51D428219A4F00BFBFFE = {
						CreatedOnToolsVersion = 13.3.1;
					};
				};
			};
			buildConfigurationList = 7BEE51D028219A4F00BFBFFE /* Build configuration list for PBXProject "Today" */;
			compatibilityVersion = "Xcode 13.0";
			developmentRegion = en;
			hasScannedForEncodings = 0;
			knownRegions = (
				en,
				Base,
			);
			mainGroup = 7BEE51CC28219A4F00BFBFFE;
			productRefGroup = 7BEE51D628219A4F00BFBFFE /* Products */;
			projectDirPath = "";
			projectRoot = "";
			targets = (
				7BEE51D428219A4F00BFBFFE /* Today */,
			);
		};
/* End PBXProject section */

/* Begin PBXResourcesBuildPhase section */
		7BEE51D328219A4F00BFBFFE /* Resources */ = {
			isa = PBXResourcesBuildPhase;
			buildActionMask = 2147483647;
			files = (
				7BEE51E828219A5100BFBFFE /* LaunchScreen.storyboard in Resources */,
				7BEE51E528219A5100BFBFFE /* Assets.xcassets in Resources */,
				7BEE51E028219A4F00BFBFFE /* Main.storyboard in Resources */,
			);
			runOnlyForDeploymentPostprocessing = 0;
		};
/* End PBXResourcesBuildPhase section */

/* Begin PBXSourcesBuildPhase section */
		7BEE51D128219A4F00BFBFFE /* Sources */ = {
			isa = PBXSourcesBuildPhase;
			buildActionMask = 2147483647;
			files = (
				7BEE51DD28219A4F00BFBFFE /* ReminderListViewController.swift in Sources */,
				7BEE51D928219A4F00BFBFFE /* AppDelegate.swift in Sources */,
				7BEE51DB28219A4F00BFBFFE /* SceneDelegate.swift in Sources */,
				7B979B242821DE51004EDD18 /* Date+Today.swift in Sources */,
				7B979B282821E299004EDD18 /* ReminderListViewController+DataSource.swift in Sources */,
				7BEE51E328219A4F00BFBFFE /* Today.xcdatamodeld in Sources */,
				7B979B2228219D17004EDD18 /* Reminder.swift in Sources */,
			);
			runOnlyForDeploymentPostprocessing = 0;
		};
/* End PBXSourcesBuildPhase section */

/* Begin PBXVariantGroup section */
		7BEE51DE28219A4F00BFBFFE /* Main.storyboard */ = {
			isa = PBXVariantGroup;
			children = (
				7BEE51DF28219A4F00BFBFFE /* Base */,
			);
			name = Main.storyboard;
			sourceTree = "<group>";
		};
		7BEE51E628219A5100BFBFFE /* LaunchScreen.storyboard */ = {
			isa = PBXVariantGroup;
			children = (
				7BEE51E728219A5100BFBFFE /* Base */,
			);
			name = LaunchScreen.storyboard;
			sourceTree = "<group>";
		};
/* End PBXVariantGroup section */

/* Begin XCBuildConfiguration section */
		7BEE51EA28219A5100BFBFFE /* Debug */ = {
			isa = XCBuildConfiguration;
			buildSettings = {
				ALWAYS_SEARCH_USER_PATHS = NO;
				CLANG_ANALYZER_NONNULL = YES;
				CLANG_ANALYZER_NUMBER_OBJECT_CONVERSION = YES_AGGRESSIVE;
				CLANG_CXX_LANGUAGE_STANDARD = "gnu++17";
				CLANG_ENABLE_MODULES = YES;
				CLANG_ENABLE_OBJC_ARC = YES;
				CLANG_ENABLE_OBJC_WEAK = YES;
				CLANG_WARN_BLOCK_CAPTURE_AUTORELEASING = YES;
				CLANG_WARN_BOOL_CONVERSION = YES;
				CLANG_WARN_COMMA = YES;
				CLANG_WARN_CONSTANT_CONVERSION = YES;
				CLANG_WARN_DEPRECATED_OBJC_IMPLEMENTATIONS = YES;
				CLANG_WARN_DIRECT_OBJC_ISA_USAGE = YES_ERROR;
				CLANG_WARN_DOCUMENTATION_COMMENTS = YES;
				CLANG_WARN_EMPTY_BODY = YES;
				CLANG_WARN_ENUM_CONVERSION = YES;
				CLANG_WARN_INFINITE_RECURSION = YES;
				CLANG_WARN_INT_CONVERSION = YES;
				CLANG_WARN_NON_LITERAL_NULL_CONVERSION = YES;
				CLANG_WARN_OBJC_IMPLICIT_RETAIN_SELF = YES;
				CLANG_WARN_OBJC_LITERAL_CONVERSION = YES;
				CLANG_WARN_OBJC_ROOT_CLASS = YES_ERROR;
				CLANG_WARN_QUOTED_INCLUDE_IN_FRAMEWORK_HEADER = YES;
				CLANG_WARN_RANGE_LOOP_ANALYSIS = YES;
				CLANG_WARN_STRICT_PROTOTYPES = YES;
				CLANG_WARN_SUSPICIOUS_MOVE = YES;
				CLANG_WARN_UNGUARDED_AVAILABILITY = YES_AGGRESSIVE;
				CLANG_WARN_UNREACHABLE_CODE = YES;
				CLANG_WARN__DUPLICATE_METHOD_MATCH = YES;
				COPY_PHASE_STRIP = NO;
				DEBUG_INFORMATION_FORMAT = dwarf;
				ENABLE_STRICT_OBJC_MSGSEND = YES;
				ENABLE_TESTABILITY = YES;
				GCC_C_LANGUAGE_STANDARD = gnu11;
				GCC_DYNAMIC_NO_PIC = NO;
				GCC_NO_COMMON_BLOCKS = YES;
				GCC_OPTIMIZATION_LEVEL = 0;
				GCC_PREPROCESSOR_DEFINITIONS = (
					"DEBUG=1",
					"$(inherited)",
				);
				GCC_WARN_64_TO_32_BIT_CONVERSION = YES;
				GCC_WARN_ABOUT_RETURN_TYPE = YES_ERROR;
				GCC_WARN_UNDECLARED_SELECTOR = YES;
				GCC_WARN_UNINITIALIZED_AUTOS = YES_AGGRESSIVE;
				GCC_WARN_UNUSED_FUNCTION = YES;
				GCC_WARN_UNUSED_VARIABLE = YES;
				IPHONEOS_DEPLOYMENT_TARGET = 15.4;
				MTL_ENABLE_DEBUG_INFO = INCLUDE_SOURCE;
				MTL_FAST_MATH = YES;
				ONLY_ACTIVE_ARCH = YES;
				SDKROOT = iphoneos;
				SWIFT_ACTIVE_COMPILATION_CONDITIONS = DEBUG;
				SWIFT_OPTIMIZATION_LEVEL = "-Onone";
			};
			name = Debug;
		};
		7BEE51EB28219A5100BFBFFE /* Release */ = {
			isa = XCBuildConfiguration;
			buildSettings = {
				ALWAYS_SEARCH_USER_PATHS = NO;
				CLANG_ANALYZER_NONNULL = YES;
				CLANG_ANALYZER_NUMBER_OBJECT_CONVERSION = YES_AGGRESSIVE;
				CLANG_CXX_LANGUAGE_STANDARD = "gnu++17";
				CLANG_ENABLE_MODULES = YES;
				CLANG_ENABLE_OBJC_ARC = YES;
				CLANG_ENABLE_OBJC_WEAK = YES;
				CLANG_WARN_BLOCK_CAPTURE_AUTORELEASING = YES;
				CLANG_WARN_BOOL_CONVERSION = YES;
				CLANG_WARN_COMMA = YES;
				CLANG_WARN_CONSTANT_CONVERSION = YES;
				CLANG_WARN_DEPRECATED_OBJC_IMPLEMENTATIONS = YES;
				CLANG_WARN_DIRECT_OBJC_ISA_USAGE = YES_ERROR;
				CLANG_WARN_DOCUMENTATION_COMMENTS = YES;
				CLANG_WARN_EMPTY_BODY = YES;
				CLANG_WARN_ENUM_CONVERSION = YES;
				CLANG_WARN_INFINITE_RECURSION = YES;
				CLANG_WARN_INT_CONVERSION = YES;
				CLANG_WARN_NON_LITERAL_NULL_CONVERSION = YES;
				CLANG_WARN_OBJC_IMPLICIT_RETAIN_SELF = YES;
				CLANG_WARN_OBJC_LITERAL_CONVERSION = YES;
				CLANG_WARN_OBJC_ROOT_CLASS = YES_ERROR;
				CLANG_WARN_QUOTED_INCLUDE_IN_FRAMEWORK_HEADER = YES;
				CLANG_WARN_RANGE_LOOP_ANALYSIS = YES;
				CLANG_WARN_STRICT_PROTOTYPES = YES;
				CLANG_WARN_SUSPICIOUS_MOVE = YES;
				CLANG_WARN_UNGUARDED_AVAILABILITY = YES_AGGRESSIVE;
				CLANG_WARN_UNREACHABLE_CODE = YES;
				CLANG_WARN__DUPLICATE_METHOD_MATCH = YES;
				COPY_PHASE_STRIP = NO;
				DEBUG_INFORMATION_FORMAT = "dwarf-with-dsym";
				ENABLE_NS_ASSERTIONS = NO;
				ENABLE_STRICT_OBJC_MSGSEND = YES;
				GCC_C_LANGUAGE_STANDARD = gnu11;
				GCC_NO_COMMON_BLOCKS = YES;
				GCC_WARN_64_TO_32_BIT_CONVERSION = YES;
				GCC_WARN_ABOUT_RETURN_TYPE = YES_ERROR;
				GCC_WARN_UNDECLARED_SELECTOR = YES;
				GCC_WARN_UNINITIALIZED_AUTOS = YES_AGGRESSIVE;
				GCC_WARN_UNUSED_FUNCTION = YES;
				GCC_WARN_UNUSED_VARIABLE = YES;
				IPHONEOS_DEPLOYMENT_TARGET = 15.4;
				MTL_ENABLE_DEBUG_INFO = NO;
				MTL_FAST_MATH = YES;
				SDKROOT = iphoneos;
				SWIFT_COMPILATION_MODE = wholemodule;
				SWIFT_OPTIMIZATION_LEVEL = "-O";
				VALIDATE_PRODUCT = YES;
			};
			name = Release;
		};
		7BEE51ED28219A5100BFBFFE /* Debug */ = {
			isa = XCBuildConfiguration;
			buildSettings = {
				ASSETCATALOG_COMPILER_APPICON_NAME = AppIcon;
				ASSETCATALOG_COMPILER_GLOBAL_ACCENT_COLOR_NAME = AccentColor;
				CODE_SIGN_STYLE = Automatic;
				CURRENT_PROJECT_VERSION = 1;
				GENERATE_INFOPLIST_FILE = YES;
				INFOPLIST_FILE = Today/Info.plist;
				INFOPLIST_KEY_UIApplicationSupportsIndirectInputEvents = YES;
				INFOPLIST_KEY_UILaunchStoryboardName = LaunchScreen;
				INFOPLIST_KEY_UIMainStoryboardFile = Main;
				INFOPLIST_KEY_UISupportedInterfaceOrientations_iPad = "UIInterfaceOrientationPortrait UIInterfaceOrientationPortraitUpsideDown UIInterfaceOrientationLandscapeLeft UIInterfaceOrientationLandscapeRight";
				INFOPLIST_KEY_UISupportedInterfaceOrientations_iPhone = "UIInterfaceOrientationPortrait UIInterfaceOrientationLandscapeLeft UIInterfaceOrientationLandscapeRight";
				LD_RUNPATH_SEARCH_PATHS = (
					"$(inherited)",
					"@executable_path/Frameworks",
				);
				MARKETING_VERSION = 1.0;
				PRODUCT_BUNDLE_IDENTIFIER = Wanderson.Today;
				PRODUCT_NAME = "$(TARGET_NAME)";
				SWIFT_EMIT_LOC_STRINGS = YES;
				SWIFT_VERSION = 5.0;
				TARGETED_DEVICE_FAMILY = "1,2";
			};
			name = Debug;
		};
		7BEE51EE28219A5100BFBFFE /* Release */ = {
			isa = XCBuildConfiguration;
			buildSettings = {
				ASSETCATALOG_COMPILER_APPICON_NAME = AppIcon;
				ASSETCATALOG_COMPILER_GLOBAL_ACCENT_COLOR_NAME = AccentColor;
				CODE_SIGN_STYLE = Automatic;
				CURRENT_PROJECT_VERSION = 1;
				GENERATE_INFOPLIST_FILE = YES;
				INFOPLIST_FILE = Today/Info.plist;
				INFOPLIST_KEY_UIApplicationSupportsIndirectInputEvents = YES;
				INFOPLIST_KEY_UILaunchStoryboardName = LaunchScreen;
				INFOPLIST_KEY_UIMainStoryboardFile = Main;
				INFOPLIST_KEY_UISupportedInterfaceOrientations_iPad = "UIInterfaceOrientationPortrait UIInterfaceOrientationPortraitUpsideDown UIInterfaceOrientationLandscapeLeft UIInterfaceOrientationLandscapeRight";
				INFOPLIST_KEY_UISupportedInterfaceOrientations_iPhone = "UIInterfaceOrientationPortrait UIInterfaceOrientationLandscapeLeft UIInterfaceOrientationLandscapeRight";
				LD_RUNPATH_SEARCH_PATHS = (
					"$(inherited)",
					"@executable_path/Frameworks",
				);
				MARKETING_VERSION = 1.0;
				PRODUCT_BUNDLE_IDENTIFIER = Wanderson.Today;
				PRODUCT_NAME = "$(TARGET_NAME)";
				SWIFT_EMIT_LOC_STRINGS = YES;
				SWIFT_VERSION = 5.0;
				TARGETED_DEVICE_FAMILY = "1,2";
			};
			name = Release;
		};
/* End XCBuildConfiguration section */

/* Begin XCConfigurationList section */
		7BEE51D028219A4F00BFBFFE /* Build configuration list for PBXProject "Today" */ = {
			isa = XCConfigurationList;
			buildConfigurations = (
				7BEE51EA28219A5100BFBFFE /* Debug */,
				7BEE51EB28219A5100BFBFFE /* Release */,
			);
			defaultConfigurationIsVisible = 0;
			defaultConfigurationName = Release;
		};
		7BEE51EC28219A5100BFBFFE /* Build configuration list for PBXNativeTarget "Today" */ = {
			isa = XCConfigurationList;
			buildConfigurations = (
				7BEE51ED28219A5100BFBFFE /* Debug */,
				7BEE51EE28219A5100BFBFFE /* Release */,
			);
			defaultConfigurationIsVisible = 0;
			defaultConfigurationName = Release;
		};
/* End XCConfigurationList section */

/* Begin XCVersionGroup section */
		7BEE51E128219A4F00BFBFFE /* Today.xcdatamodeld */ = {
			isa = XCVersionGroup;
			children = (
				7BEE51E228219A4F00BFBFFE /* Today.xcdatamodel */,
			);
			currentVersion = 7BEE51E228219A4F00BFBFFE /* Today.xcdatamodel */;
			path = Today.xcdatamodeld;
			sourceTree = "<group>";
			versionGroupType = wrapper.xcdatamodel;
		};
/* End XCVersionGroup section */
	};
	rootObject = 7BEE51CD28219A4F00BFBFFE /* Project object */;
}
